
Microsoft Visual Studio Solution File, Format Version 12.00
# Visual Studio 15
VisualStudioVersion = 15.0.26124.0
MinimumVisualStudioVersion = 15.0.26124.0
Project("{2150E333-8FDC-42A3-9474-1A3956D46DE8}") = "test", "test", "{E575CEEA-4E8A-46F9-BBE7-E580AD53EA16}"
EndProject
Project("{FAE04EC0-301F-11D3-BF4B-00C04F79EFBC}") = "Assignment3.Tests", "test\Assignment3.Tests\Assignment3.Tests.csproj", "{1166A2A5-3526-4760-B2F1-706758328AAC}"
EndProject
Project("{2150E333-8FDC-42A3-9474-1A3956D46DE8}") = "src", "src", "{DC944BA9-8A08-42D6-8F1D-8F6D4C414605}"
EndProject
Project("{FAE04EC0-301F-11D3-BF4B-00C04F79EFBC}") = "Assignment3", "src\Assignment3\Assignment3.csproj", "{BB0CBA45-CD2C-44B4-A5ED-F8AA8F3932B3}"
EndProject
Global
	GlobalSection(SolutionConfigurationPlatforms) = preSolution
		Debug|Any CPU = Debug|Any CPU
		Debug|x64 = Debug|x64
		Debug|x86 = Debug|x86
		Release|Any CPU = Release|Any CPU
		Release|x64 = Release|x64
		Release|x86 = Release|x86
	EndGlobalSection
	GlobalSection(SolutionProperties) = preSolution
		HideSolutionNode = FALSE
	EndGlobalSection
	GlobalSection(ProjectConfigurationPlatforms) = postSolution
		{1166A2A5-3526-4760-B2F1-706758328AAC}.Debug|Any CPU.ActiveCfg = Debug|Any CPU
		{1166A2A5-3526-4760-B2F1-706758328AAC}.Debug|Any CPU.Build.0 = Debug|Any CPU
		{1166A2A5-3526-4760-B2F1-706758328AAC}.Debug|x64.ActiveCfg = Debug|Any CPU
		{1166A2A5-3526-4760-B2F1-706758328AAC}.Debug|x64.Build.0 = Debug|Any CPU
		{1166A2A5-3526-4760-B2F1-706758328AAC}.Debug|x86.ActiveCfg = Debug|Any CPU
		{1166A2A5-3526-4760-B2F1-706758328AAC}.Debug|x86.Build.0 = Debug|Any CPU
		{1166A2A5-3526-4760-B2F1-706758328AAC}.Release|Any CPU.ActiveCfg = Release|Any CPU
		{1166A2A5-3526-4760-B2F1-706758328AAC}.Release|Any CPU.Build.0 = Release|Any CPU
		{1166A2A5-3526-4760-B2F1-706758328AAC}.Release|x64.ActiveCfg = Release|Any CPU
		{1166A2A5-3526-4760-B2F1-706758328AAC}.Release|x64.Build.0 = Release|Any CPU
		{1166A2A5-3526-4760-B2F1-706758328AAC}.Release|x86.ActiveCfg = Release|Any CPU
		{1166A2A5-3526-4760-B2F1-706758328AAC}.Release|x86.Build.0 = Release|Any CPU
		{BB0CBA45-CD2C-44B4-A5ED-F8AA8F3932B3}.Debug|Any CPU.ActiveCfg = Debug|Any CPU
		{BB0CBA45-CD2C-44B4-A5ED-F8AA8F3932B3}.Debug|Any CPU.Build.0 = Debug|Any CPU
		{BB0CBA45-CD2C-44B4-A5ED-F8AA8F3932B3}.Debug|x64.ActiveCfg = Debug|Any CPU
		{BB0CBA45-CD2C-44B4-A5ED-F8AA8F3932B3}.Debug|x64.Build.0 = Debug|Any CPU
		{BB0CBA45-CD2C-44B4-A5ED-F8AA8F3932B3}.Debug|x86.ActiveCfg = Debug|Any CPU
		{BB0CBA45-CD2C-44B4-A5ED-F8AA8F3932B3}.Debug|x86.Build.0 = Debug|Any CPU
		{BB0CBA45-CD2C-44B4-A5ED-F8AA8F3932B3}.Release|Any CPU.ActiveCfg = Release|Any CPU
		{BB0CBA45-CD2C-44B4-A5ED-F8AA8F3932B3}.Release|Any CPU.Build.0 = Release|Any CPU
		{BB0CBA45-CD2C-44B4-A5ED-F8AA8F3932B3}.Release|x64.ActiveCfg = Release|Any CPU
		{BB0CBA45-CD2C-44B4-A5ED-F8AA8F3932B3}.Release|x64.Build.0 = Release|Any CPU
		{BB0CBA45-CD2C-44B4-A5ED-F8AA8F3932B3}.Release|x86.ActiveCfg = Release|Any CPU
		{BB0CBA45-CD2C-44B4-A5ED-F8AA8F3932B3}.Release|x86.Build.0 = Release|Any CPU
	EndGlobalSection
	GlobalSection(NestedProjects) = preSolution
		{1166A2A5-3526-4760-B2F1-706758328AAC} = {E575CEEA-4E8A-46F9-BBE7-E580AD53EA16}
		{BB0CBA45-CD2C-44B4-A5ED-F8AA8F3932B3} = {DC944BA9-8A08-42D6-8F1D-8F6D4C414605}
	EndGlobalSection
EndGlobal
