Microsoft Visual Studio Solution File, Format Version 12.00
# Visual Studio 15
VisualStudioVersion = 15.0.26124.0
MinimumVisualStudioVersion = 15.0.26124.0
Project("{2150E333-8FDC-42A3-9474-1A3956D46DE8}") = "test", "test", "{0D13BA19-05AF-41DE-8D24-638795ACAF98}"
EndProject
Project("{9A19103F-16F7-4668-BE54-9A1E7A4F7556}") = "Assignment9.Tests", "test\Assignment9.Tests\Assignment9.Tests.csproj", "{34321A54-1998-437B-BFE1-7871EE0318DA}"
EndProject
Project("{2150E333-8FDC-42A3-9474-1A3956D46DE8}") = "src", "src", "{564503AF-C6F3-4766-8FD0-5F1D368D00E6}"
EndProject
Project("{9A19103F-16F7-4668-BE54-9A1E7A4F7556}") = "Assignment9", "src\Assignment9\Assignment9.csproj", "{F41A3677-6795-4B53-8D81-39EF2288A1E9}"
EndProject
Global
	GlobalSection(SolutionConfigurationPlatforms) = preSolution
		Debug|Any CPU = Debug|Any CPU
		Debug|x64 = Debug|x64
		Debug|x86 = Debug|x86
		Release|Any CPU = Release|Any CPU
		Release|x64 = Release|x64
		Release|x86 = Release|x86
	EndGlobalSection
	GlobalSection(ProjectConfigurationPlatforms) = postSolution
		{34321A54-1998-437B-BFE1-7871EE0318DA}.Debug|Any CPU.ActiveCfg = Debug|Any CPU
		{34321A54-1998-437B-BFE1-7871EE0318DA}.Debug|Any CPU.Build.0 = Debug|Any CPU
		{34321A54-1998-437B-BFE1-7871EE0318DA}.Debug|x64.ActiveCfg = Debug|Any CPU
		{34321A54-1998-437B-BFE1-7871EE0318DA}.Debug|x64.Build.0 = Debug|Any CPU
		{34321A54-1998-437B-BFE1-7871EE0318DA}.Debug|x86.ActiveCfg = Debug|Any CPU
		{34321A54-1998-437B-BFE1-7871EE0318DA}.Debug|x86.Build.0 = Debug|Any CPU
		{34321A54-1998-437B-BFE1-7871EE0318DA}.Release|Any CPU.ActiveCfg = Release|Any CPU
		{34321A54-1998-437B-BFE1-7871EE0318DA}.Release|Any CPU.Build.0 = Release|Any CPU
		{34321A54-1998-437B-BFE1-7871EE0318DA}.Release|x64.ActiveCfg = Release|Any CPU
		{34321A54-1998-437B-BFE1-7871EE0318DA}.Release|x64.Build.0 = Release|Any CPU
		{34321A54-1998-437B-BFE1-7871EE0318DA}.Release|x86.ActiveCfg = Release|Any CPU
		{34321A54-1998-437B-BFE1-7871EE0318DA}.Release|x86.Build.0 = Release|Any CPU
		{F41A3677-6795-4B53-8D81-39EF2288A1E9}.Debug|Any CPU.ActiveCfg = Debug|Any CPU
		{F41A3677-6795-4B53-8D81-39EF2288A1E9}.Debug|Any CPU.Build.0 = Debug|Any CPU
		{F41A3677-6795-4B53-8D81-39EF2288A1E9}.Debug|x64.ActiveCfg = Debug|Any CPU
		{F41A3677-6795-4B53-8D81-39EF2288A1E9}.Debug|x64.Build.0 = Debug|Any CPU
		{F41A3677-6795-4B53-8D81-39EF2288A1E9}.Debug|x86.ActiveCfg = Debug|Any CPU
		{F41A3677-6795-4B53-8D81-39EF2288A1E9}.Debug|x86.Build.0 = Debug|Any CPU
		{F41A3677-6795-4B53-8D81-39EF2288A1E9}.Release|Any CPU.ActiveCfg = Release|Any CPU
		{F41A3677-6795-4B53-8D81-39EF2288A1E9}.Release|Any CPU.Build.0 = Release|Any CPU
		{F41A3677-6795-4B53-8D81-39EF2288A1E9}.Release|x64.ActiveCfg = Release|Any CPU
		{F41A3677-6795-4B53-8D81-39EF2288A1E9}.Release|x64.Build.0 = Release|Any CPU
		{F41A3677-6795-4B53-8D81-39EF2288A1E9}.Release|x86.ActiveCfg = Release|Any CPU
		{F41A3677-6795-4B53-8D81-39EF2288A1E9}.Release|x86.Build.0 = Release|Any CPU
	EndGlobalSection
	GlobalSection(SolutionProperties) = preSolution
		HideSolutionNode = FALSE
	EndGlobalSection
	GlobalSection(NestedProjects) = preSolution
		{34321A54-1998-437B-BFE1-7871EE0318DA} = {0D13BA19-05AF-41DE-8D24-638795ACAF98}
		{F41A3677-6795-4B53-8D81-39EF2288A1E9} = {564503AF-C6F3-4766-8FD0-5F1D368D00E6}
	EndGlobalSection
	GlobalSection(ExtensibilityGlobals) = postSolution
		SolutionGuid = {24FD9250-B221-4D15-8A68-56D72C66CCBA}
	EndGlobalSection
EndGlobal
