
Microsoft Visual Studio Solution File, Format Version 12.00
# Visual Studio 15
VisualStudioVersion = 15.0.26124.0
MinimumVisualStudioVersion = 15.0.26124.0
Project("{2150E333-8FDC-42A3-9474-1A3956D46DE8}") = "test", "test", "{7FC8152B-6567-4500-913D-5C607B4D2921}"
EndProject
Project("{FAE04EC0-301F-11D3-BF4B-00C04F79EFBC}") = "Assignment5.Tests", "test\Assignment5.Tests\Assignment5.Tests.csproj", "{FADF6AA3-F469-406E-85D1-858CA7296F48}"
EndProject
Project("{2150E333-8FDC-42A3-9474-1A3956D46DE8}") = "src", "src", "{3ADC82E2-7844-4C6A-81BF-B9EB64A761DC}"
EndProject
Project("{FAE04EC0-301F-11D3-BF4B-00C04F79EFBC}") = "Assignment5", "src\Assignment5\Assignment5.csproj", "{CCF1E55D-23F0-42F4-A98F-267F84AB24A2}"
EndProject
Global
	GlobalSection(SolutionConfigurationPlatforms) = preSolution
		Debug|Any CPU = Debug|Any CPU
		Debug|x64 = Debug|x64
		Debug|x86 = Debug|x86
		Release|Any CPU = Release|Any CPU
		Release|x64 = Release|x64
		Release|x86 = Release|x86
	EndGlobalSection
	GlobalSection(SolutionProperties) = preSolution
		HideSolutionNode = FALSE
	EndGlobalSection
	GlobalSection(ProjectConfigurationPlatforms) = postSolution
		{FADF6AA3-F469-406E-85D1-858CA7296F48}.Debug|Any CPU.ActiveCfg = Debug|Any CPU
		{FADF6AA3-F469-406E-85D1-858CA7296F48}.Debug|Any CPU.Build.0 = Debug|Any CPU
		{FADF6AA3-F469-406E-85D1-858CA7296F48}.Debug|x64.ActiveCfg = Debug|Any CPU
		{FADF6AA3-F469-406E-85D1-858CA7296F48}.Debug|x64.Build.0 = Debug|Any CPU
		{FADF6AA3-F469-406E-85D1-858CA7296F48}.Debug|x86.ActiveCfg = Debug|Any CPU
		{FADF6AA3-F469-406E-85D1-858CA7296F48}.Debug|x86.Build.0 = Debug|Any CPU
		{FADF6AA3-F469-406E-85D1-858CA7296F48}.Release|Any CPU.ActiveCfg = Release|Any CPU
		{FADF6AA3-F469-406E-85D1-858CA7296F48}.Release|Any CPU.Build.0 = Release|Any CPU
		{FADF6AA3-F469-406E-85D1-858CA7296F48}.Release|x64.ActiveCfg = Release|Any CPU
		{FADF6AA3-F469-406E-85D1-858CA7296F48}.Release|x64.Build.0 = Release|Any CPU
		{FADF6AA3-F469-406E-85D1-858CA7296F48}.Release|x86.ActiveCfg = Release|Any CPU
		{FADF6AA3-F469-406E-85D1-858CA7296F48}.Release|x86.Build.0 = Release|Any CPU
		{CCF1E55D-23F0-42F4-A98F-267F84AB24A2}.Debug|Any CPU.ActiveCfg = Debug|Any CPU
		{CCF1E55D-23F0-42F4-A98F-267F84AB24A2}.Debug|Any CPU.Build.0 = Debug|Any CPU
		{CCF1E55D-23F0-42F4-A98F-267F84AB24A2}.Debug|x64.ActiveCfg = Debug|Any CPU
		{CCF1E55D-23F0-42F4-A98F-267F84AB24A2}.Debug|x64.Build.0 = Debug|Any CPU
		{CCF1E55D-23F0-42F4-A98F-267F84AB24A2}.Debug|x86.ActiveCfg = Debug|Any CPU
		{CCF1E55D-23F0-42F4-A98F-267F84AB24A2}.Debug|x86.Build.0 = Debug|Any CPU
		{CCF1E55D-23F0-42F4-A98F-267F84AB24A2}.Release|Any CPU.ActiveCfg = Release|Any CPU
		{CCF1E55D-23F0-42F4-A98F-267F84AB24A2}.Release|Any CPU.Build.0 = Release|Any CPU
		{CCF1E55D-23F0-42F4-A98F-267F84AB24A2}.Release|x64.ActiveCfg = Release|Any CPU
		{CCF1E55D-23F0-42F4-A98F-267F84AB24A2}.Release|x64.Build.0 = Release|Any CPU
		{CCF1E55D-23F0-42F4-A98F-267F84AB24A2}.Release|x86.ActiveCfg = Release|Any CPU
		{CCF1E55D-23F0-42F4-A98F-267F84AB24A2}.Release|x86.Build.0 = Release|Any CPU
	EndGlobalSection
	GlobalSection(NestedProjects) = preSolution
		{FADF6AA3-F469-406E-85D1-858CA7296F48} = {7FC8152B-6567-4500-913D-5C607B4D2921}
		{CCF1E55D-23F0-42F4-A98F-267F84AB24A2} = {3ADC82E2-7844-4C6A-81BF-B9EB64A761DC}
	EndGlobalSection
EndGlobal
